Microsoft Visual Studio Solution File, Format Version 12.00
# Visual Studio Version 17
VisualStudioVersion = 17.5.2.0
MinimumVisualStudioVersion = 10.0.40219.1
Project("{FAE04EC0-301F-11D3-BF4B-00C04F79EFBC}") = "GFG.Flights.Api", "GFG.Flights.Api.csproj", "{FFC791BE-2074-99BB-E871-1BB8A57BBB7D}"
EndProject
Global
	GlobalSection(SolutionConfigurationPlatforms) = preSolution
		Debug|Any CPU = Debug|Any CPU
		Release|Any CPU = Release|Any CPU
	EndGlobalSection
	GlobalSection(ProjectConfigurationPlatforms) = postSolution
		{FFC791BE-2074-99BB-E871-1BB8A57BBB7D}.Debug|Any CPU.ActiveCfg = Debug|Any CPU
		{FFC791BE-2074-99BB-E871-1BB8A57BBB7D}.Debug|Any CPU.Build.0 = Debug|Any CPU
		{FFC791BE-2074-99BB-E871-1BB8A57BBB7D}.Release|Any CPU.ActiveCfg = Release|Any CPU
		{FFC791BE-2074-99BB-E871-1BB8A57BBB7D}.Release|Any CPU.Build.0 = Release|Any CPU
	EndGlobalSection
	GlobalSection(SolutionProperties) = preSolution
		HideSolutionNode = FALSE
	EndGlobalSection
	GlobalSection(ExtensibilityGlobals) = postSolution
		SolutionGuid = {3270DA35-73BF-4615-A3EF-4D192A5CC15A}
	EndGlobalSection
EndGlobal
